
Microsoft Visual Studio Solution File, Format Version 12.00
# Visual Studio Version 17
VisualStudioVersion = 17.5.33516.290
MinimumVisualStudioVersion = 10.0.40219.1
Project("{FAE04EC0-301F-11D3-BF4B-00C04F79EFBC}") = "SignalRServerExample", "SignalRServerExample\SignalRServerExample.csproj", "{FC3AC72F-BE61-47D4-9488-D91C2ACC25A3}"
EndProject
Global
	GlobalSection(SolutionConfigurationPlatforms) = preSolution
		Debug|Any CPU = Debug|Any CPU
		Release|Any CPU = Release|Any CPU
	EndGlobalSection
	GlobalSection(ProjectConfigurationPlatforms) = postSolution
		{FC3AC72F-BE61-47D4-9488-D91C2ACC25A3}.Debug|Any CPU.ActiveCfg = Debug|Any CPU
		{FC3AC72F-BE61-47D4-9488-D91C2ACC25A3}.Debug|Any CPU.Build.0 = Debug|Any CPU
		{FC3AC72F-BE61-47D4-9488-D91C2ACC25A3}.Release|Any CPU.ActiveCfg = Release|Any CPU
		{FC3AC72F-BE61-47D4-9488-D91C2ACC25A3}.Release|Any CPU.Build.0 = Release|Any CPU
	EndGlobalSection
	GlobalSection(SolutionProperties) = preSolution
		HideSolutionNode = FALSE
	EndGlobalSection
	GlobalSection(ExtensibilityGlobals) = postSolution
		SolutionGuid = {2963E180-E991-4F46-8958-4A70E7DA9D09}
	EndGlobalSection
EndGlobal
